// !$*UTF8*$!
{
	archiveVersion = 1;
	classes = {
	};
	objectVersion = 77;
	objects = {

/* Begin PBXBuildFile section */
		738BBA152F04EE0200A59A36 /* RxSwift in Frameworks */ = {isa = PBXBuildFile; productRef = 738BBA142F04EE0200A59A36 /* RxSwift */; };
		738BBA172F04EE0700A59A36 /* RxCocoa in Frameworks */ = {isa = PBXBuildFile; productRef = 738BBA162F04EE0700A59A36 /* RxCocoa */; };
/* End PBXBuildFile section */

/* Begin PBXContainerItemProxy section */
		73D1E0772F043E5F00B37050 /* PBXContainerItemProxy */ = {
			isa = PBXContainerItemProxy;
			containerPortal = 73D1E0582F043E5D00B37050 /* Project object */;
			proxyType = 1;
			remoteGlobalIDString = 73D1E05F2F043E5D00B37050;
			remoteInfo = NewsExplorer;
		};
		73D1E0812F043E5F00B37050 /* PBXContainerItemProxy */ = {
			isa = PBXContainerItemProxy;
			containerPortal = 73D1E0582F043E5D00B37050 /* Project object */;
			proxyType = 1;
			remoteGlobalIDString = 73D1E05F2F043E5D00B37050;
			remoteInfo = NewsExplorer;
		};
/* End PBXContainerItemProxy section */

/* Begin PBXFileReference section */
		73D1E0602F043E5D00B37050 /* NewsExplorer.app */ = {isa = PBXFileReference; explicitFileType = wrapper.application; includeInIndex = 0; path = NewsExplorer.app; sourceTree = BUILT_PRODUCTS_DIR; };
		73D1E0762F043E5F00B37050 /* NewsExplorerTests.xctest */ = {isa = PBXFileReference; explicitFileType = wrapper.cfbundle; includeInIndex = 0; path = NewsExplorerTests.xctest; sourceTree = BUILT_PRODUCTS_DIR; };
		73D1E0802F043E5F00B37050 /* NewsExplorerUITests.xctest */ = {isa = PBXFileReference; explicitFileType = wrapper.cfbundle; includeInIndex = 0; path = NewsExplorerUITests.xctest; sourceTree = BUILT_PRODUCTS_DIR; };
/* End PBXFileReference section */

/* Begin PBXFileSystemSynchronizedBuildFileExceptionSet section */
		738BBA352F05314100A59A36 /* Exceptions for "NewsExplorer" folder in "NewsExplorer" target */ = {
			isa = PBXFileSystemSynchronizedBuildFileExceptionSet;
			membershipExceptions = (
				Info.plist,
			);
			target = 73D1E05F2F043E5D00B37050 /* NewsExplorer */;
		};
/* End PBXFileSystemSynchronizedBuildFileExceptionSet section */

/* Begin PBXFileSystemSynchronizedRootGroup section */
		73D1E0622F043E5D00B37050 /* NewsExplorer */ = {
			isa = PBXFileSystemSynchronizedRootGroup;
			exceptions = (
				738BBA352F05314100A59A36 /* Exceptions for "NewsExplorer" folder in "NewsExplorer" target */,
			);
			path = NewsExplorer;
			sourceTree = "<group>";
		};
		73D1E0792F043E5F00B37050 /* NewsExplorerTests */ = {
			isa = PBXFileSystemSynchronizedRootGroup;
			path = NewsExplorerTests;
			sourceTree = "<group>";
		};
		73D1E0832F043E5F00B37050 /* NewsExplorerUITests */ = {
			isa = PBXFileSystemSynchronizedRootGroup;
			path = NewsExplorerUITests;
			sourceTree = "<group>";
		};
/* End PBXFileSystemSynchronizedRootGroup section */

/* Begin PBXFrameworksBuildPhase section */
		73D1E05D2F043E5D00B37050 /* Frameworks */ = {
			isa = PBXFrameworksBuildPhase;
			buildActionMask = 2147483647;
			files = (
				738BBA172F04EE0700A59A36 /* RxCocoa in Frameworks */,
				738BBA152F04EE0200A59A36 /* RxSwift in Frameworks */,
			);
			runOnlyForDeploymentPostprocessing = 0;
		};
		73D1E0732F043E5F00B37050 /* Frameworks */ = {
			isa = PBXFrameworksBuildPhase;
			buildActionMask = 2147483647;
			files = (
			);
			runOnlyForDeploymentPostprocessing = 0;
		};
		73D1E07D2F043E5F00B37050 /* Frameworks */ = {
			isa = PBXFrameworksBuildPhase;
			buildActionMask = 2147483647;
			files = (
			);
			runOnlyForDeploymentPostprocessing = 0;
		};
/* End PBXFrameworksBuildPhase section */

/* Begin PBXGroup section */
		738BBA132F04EE0200A59A36 /* Frameworks */ = {
			isa = PBXGroup;
			children = (
			);
			name = Frameworks;
			sourceTree = "<group>";
		};
		73D1E0572F043E5D00B37050 = {
			isa = PBXGroup;
			children = (
				73D1E0622F043E5D00B37050 /* NewsExplorer */,
				73D1E0792F043E5F00B37050 /* NewsExplorerTests */,
				73D1E0832F043E5F00B37050 /* NewsExplorerUITests */,
				738BBA132F04EE0200A59A36 /* Frameworks */,
				73D1E0612F043E5D00B37050 /* Products */,
			);
			sourceTree = "<group>";
		};
		73D1E0612F043E5D00B37050 /* Products */ = {
			isa = PBXGroup;
			children = (
				73D1E0602F043E5D00B37050 /* NewsExplorer.app */,
				73D1E0762F043E5F00B37050 /* NewsExplorerTests.xctest */,
				73D1E0802F043E5F00B37050 /* NewsExplorerUITests.xctest */,
			);
			name = Products;
			sourceTree = "<group>";
		};
/* End PBXGroup section */

/* Begin PBXNativeTarget section */
		73D1E05F2F043E5D00B37050 /* NewsExplorer */ = {
			isa = PBXNativeTarget;
			buildConfigurationList = 73D1E0892F043E5F00B37050 /* Build configuration list for PBXNativeTarget "NewsExplorer" */;
			buildPhases = (
				73D1E05C2F043E5D00B37050 /* Sources */,
				73D1E05D2F043E5D00B37050 /* Frameworks */,
				73D1E05E2F043E5D00B37050 /* Resources */,
			);
			buildRules = (
			);
			dependencies = (
			);
			fileSystemSynchronizedGroups = (
				73D1E0622F043E5D00B37050 /* NewsExplorer */,
			);
			name = NewsExplorer;
			packageProductDependencies = (
				738BBA142F04EE0200A59A36 /* RxSwift */,
				738BBA162F04EE0700A59A36 /* RxCocoa */,
			);
			productName = NewsExplorer;
			productReference = 73D1E0602F043E5D00B37050 /* NewsExplorer.app */;
			productType = "com.apple.product-type.application";
		};
		73D1E0752F043E5F00B37050 /* NewsExplorerTests */ = {
			isa = PBXNativeTarget;
			buildConfigurationList = 73D1E08E2F043E5F00B37050 /* Build configuration list for PBXNativeTarget "NewsExplorerTests" */;
			buildPhases = (
				73D1E0722F043E5F00B37050 /* Sources */,
				73D1E0732F043E5F00B37050 /* Frameworks */,
				73D1E0742F043E5F00B37050 /* Resources */,
			);
			buildRules = (
			);
			dependencies = (
				73D1E0782F043E5F00B37050 /* PBXTargetDependency */,
			);
			fileSystemSynchronizedGroups = (
				73D1E0792F043E5F00B37050 /* NewsExplorerTests */,
			);
			name = NewsExplorerTests;
			packageProductDependencies = (
			);
			productName = NewsExplorerTests;
			productReference = 73D1E0762F043E5F00B37050 /* NewsExplorerTests.xctest */;
			productType = "com.apple.product-type.bundle.unit-test";
		};
		73D1E07F2F043E5F00B37050 /* NewsExplorerUITests */ = {
			isa = PBXNativeTarget;
			buildConfigurationList = 73D1E0912F043E5F00B37050 /* Build configuration list for PBXNativeTarget "NewsExplorerUITests" */;
			buildPhases = (
				73D1E07C2F043E5F00B37050 /* Sources */,
				73D1E07D2F043E5F00B37050 /* Frameworks */,
				73D1E07E2F043E5F00B37050 /* Resources */,
			);
			buildRules = (
			);
			dependencies = (
				73D1E0822F043E5F00B37050 /* PBXTargetDependency */,
			);
			fileSystemSynchronizedGroups = (
				73D1E0832F043E5F00B37050 /* NewsExplorerUITests */,
			);
			name = NewsExplorerUITests;
			packageProductDependencies = (
			);
			productName = NewsExplorerUITests;
			productReference = 73D1E0802F043E5F00B37050 /* NewsExplorerUITests.xctest */;
			productType = "com.apple.product-type.bundle.ui-testing";
		};
/* End PBXNativeTarget section */

/* Begin PBXProject section */
		73D1E0582F043E5D00B37050 /* Project object */ = {
			isa = PBXProject;
			attributes = {
				BuildIndependentTargetsInParallel = 1;
				LastSwiftUpdateCheck = 2600;
				LastUpgradeCheck = 2600;
				TargetAttributes = {
					73D1E05F2F043E5D00B37050 = {
						CreatedOnToolsVersion = 26.0.1;
					};
					73D1E0752F043E5F00B37050 = {
						CreatedOnToolsVersion = 26.0.1;
						TestTargetID = 73D1E05F2F043E5D00B37050;
					};
					73D1E07F2F043E5F00B37050 = {
						CreatedOnToolsVersion = 26.0.1;
						TestTargetID = 73D1E05F2F043E5D00B37050;
					};
				};
			};
			buildConfigurationList = 73D1E05B2F043E5D00B37050 /* Build configuration list for PBXProject "NewsExplorer" */;
			developmentRegion = en;
			hasScannedForEncodings = 0;
			knownRegions = (
				en,
				Base,
			);
			mainGroup = 73D1E0572F043E5D00B37050;
			minimizedProjectReferenceProxies = 1;
			packageReferences = (
				738BB9CC2F04E8F800A59A36 /* XCRemoteSwiftPackageReference "RxSwift" */,
			);
			preferredProjectObjectVersion = 77;
			productRefGroup = 73D1E0612F043E5D00B37050 /* Products */;
			projectDirPath = "";
			projectRoot = "";
			targets = (
				73D1E05F2F043E5D00B37050 /* NewsExplorer */,
				73D1E0752F043E5F00B37050 /* NewsExplorerTests */,
				73D1E07F2F043E5F00B37050 /* NewsExplorerUITests */,
			);
		};
/* End PBXProject section */

/* Begin PBXResourcesBuildPhase section */
		73D1E05E2F043E5D00B37050 /* Resources */ = {
			isa = PBXResourcesBuildPhase;
			buildActionMask = 2147483647;
			files = (
			);
			runOnlyForDeploymentPostprocessing = 0;
		};
		73D1E0742F043E5F00B37050 /* Resources */ = {
			isa = PBXResourcesBuildPhase;
			buildActionMask = 2147483647;
			files = (
			);
			runOnlyForDeploymentPostprocessing = 0;
		};
		73D1E07E2F043E5F00B37050 /* Resources */ = {
			isa = PBXResourcesBuildPhase;
			buildActionMask = 2147483647;
			files = (
			);
			runOnlyForDeploymentPostprocessing = 0;
		};
/* End PBXResourcesBuildPhase section */

/* Begin PBXSourcesBuildPhase section */
		73D1E05C2F043E5D00B37050 /* Sources */ = {
			isa = PBXSourcesBuildPhase;
			buildActionMask = 2147483647;
			files = (
			);
			runOnlyForDeploymentPostprocessing = 0;
		};
		73D1E0722F043E5F00B37050 /* Sources */ = {
			isa = PBXSourcesBuildPhase;
			buildActionMask = 2147483647;
			files = (
			);
			runOnlyForDeploymentPostprocessing = 0;
		};
		73D1E07C2F043E5F00B37050 /* Sources */ = {
			isa = PBXSourcesBuildPhase;
			buildActionMask = 2147483647;
			files = (
			);
			runOnlyForDeploymentPostprocessing = 0;
		};
/* End PBXSourcesBuildPhase section */

/* Begin PBXTargetDependency section */
		73D1E0782F043E5F00B37050 /* PBXTargetDependency */ = {
			isa = PBXTargetDependency;
			target = 73D1E05F2F043E5D00B37050 /* NewsExplorer */;
			targetProxy = 73D1E0772F043E5F00B37050 /* PBXContainerItemProxy */;
		};
		73D1E0822F043E5F00B37050 /* PBXTargetDependency */ = {
			isa = PBXTargetDependency;
			target = 73D1E05F2F043E5D00B37050 /* NewsExplorer */;
			targetProxy = 73D1E0812F043E5F00B37050 /* PBXContainerItemProxy */;
		};
/* End PBXTargetDependency section */

/* Begin XCBuildConfiguration section */
		73D1E08A2F043E5F00B37050 /* Debug */ = {
			isa = XCBuildConfiguration;
			buildSettings = {
				ASSETCATALOG_COMPILER_APPICON_NAME = AppIcon;
				ASSETCATALOG_COMPILER_GLOBAL_ACCENT_COLOR_NAME = AccentColor;
				CODE_SIGN_STYLE = Automatic;
				CURRENT_PROJECT_VERSION = 1;
				DEVELOPMENT_TEAM = 6WVA56Z6XM;
				GENERATE_INFOPLIST_FILE = YES;
				INFOPLIST_FILE = NewsExplorer/Info.plist;
				INFOPLIST_KEY_UIApplicationSupportsIndirectInputEvents = YES;
				INFOPLIST_KEY_UISupportedInterfaceOrientations_iPad = "UIInterfaceOrientationPortrait UIInterfaceOrientationPortraitUpsideDown UIInterfaceOrientationLandscapeLeft UIInterfaceOrientationLandscapeRight";
				INFOPLIST_KEY_UISupportedInterfaceOrientations_iPhone = "UIInterfaceOrientationPortrait UIInterfaceOrientationLandscapeLeft UIInterfaceOrientationLandscapeRight";
				IPHONEOS_DEPLOYMENT_TARGET = 15.6;
				LD_RUNPATH_SEARCH_PATHS = (
					"$(inherited)",
					"@executable_path/Frameworks",
				);
				MARKETING_VERSION = 1.0;
				PRODUCT_BUNDLE_IDENTIFIER = com.aagontuk.NewsExplorer.NewsExplorertest;
				PRODUCT_NAME = "$(TARGET_NAME)";
				STRING_CATALOG_GENERATE_SYMBOLS = YES;
				SWIFT_APPROACHABLE_CONCURRENCY = YES;
				SWIFT_DEFAULT_ACTOR_ISOLATION = MainActor;
				SWIFT_EMIT_LOC_STRINGS = YES;
				SWIFT_UPCOMING_FEATURE_MEMBER_IMPORT_VISIBILITY = YES;
				SWIFT_VERSION = 5.0;
				TARGETED_DEVICE_FAMILY = "1,2";
			};
			name = Debug;
		};
		73D1E08B2F043E5F00B37050 /* Release */ = {
			isa = XCBuildConfiguration;
			buildSettings = {
				ASSETCATALOG_COMPILER_APPICON_NAME = AppIcon;
				ASSETCATALOG_COMPILER_GLOBAL_ACCENT_COLOR_NAME = AccentColor;
				CODE_SIGN_STYLE = Automatic;
				CURRENT_PROJECT_VERSION = 1;
				DEVELOPMENT_TEAM = 6WVA56Z6XM;
				GENERATE_INFOPLIST_FILE = YES;
				INFOPLIST_FILE = NewsExplorer/Info.plist;
				INFOPLIST_KEY_UIApplicationSupportsIndirectInputEvents = YES;
				INFOPLIST_KEY_UISupportedInterfaceOrientations_iPad = "UIInterfaceOrientationPortrait UIInterfaceOrientationPortraitUpsideDown UIInterfaceOrientationLandscapeLeft UIInterfaceOrientationLandscapeRight";
				INFOPLIST_KEY_UISupportedInterfaceOrientations_iPhone = "UIInterfaceOrientationPortrait UIInterfaceOrientationLandscapeLeft UIInterfaceOrientationLandscapeRight";
				IPHONEOS_DEPLOYMENT_TARGET = 15.6;
				LD_RUNPATH_SEARCH_PATHS = (
					"$(inherited)",
					"@executable_path/Frameworks",
				);
				MARKETING_VERSION = 1.0;
				PRODUCT_BUNDLE_IDENTIFIER = com.aagontuk.NewsExplorer.NewsExplorertest;
				PRODUCT_NAME = "$(TARGET_NAME)";
				STRING_CATALOG_GENERATE_SYMBOLS = YES;
				SWIFT_APPROACHABLE_CONCURRENCY = YES;
				SWIFT_DEFAULT_ACTOR_ISOLATION = MainActor;
				SWIFT_EMIT_LOC_STRINGS = YES;
				SWIFT_UPCOMING_FEATURE_MEMBER_IMPORT_VISIBILITY = YES;
				SWIFT_VERSION = 5.0;
				TARGETED_DEVICE_FAMILY = "1,2";
			};
			name = Release;
		};
		73D1E08C2F043E5F00B37050 /* Debug */ = {
			isa = XCBuildConfiguration;
			buildSettings = {
				ALWAYS_SEARCH_USER_PATHS = NO;
				ASSETCATALOG_COMPILER_GENERATE_SWIFT_ASSET_SYMBOL_EXTENSIONS = YES;
				CLANG_ANALYZER_NONNULL = YES;
				CLANG_ANALYZER_NUMBER_OBJECT_CONVERSION = YES_AGGRESSIVE;
				CLANG_CXX_LANGUAGE_STANDARD = "gnu++20";
				CLANG_ENABLE_MODULES = YES;
				CLANG_ENABLE_OBJC_ARC = YES;
				CLANG_ENABLE_OBJC_WEAK = YES;
				CLANG_WARN_BLOCK_CAPTURE_AUTORELEASING = YES;
				CLANG_WARN_BOOL_CONVERSION = YES;
				CLANG_WARN_COMMA = YES;
				CLANG_WARN_CONSTANT_CONVERSION = YES;
				CLANG_WARN_DEPRECATED_OBJC_IMPLEMENTATIONS = YES;
				CLANG_WARN_DIRECT_OBJC_ISA_USAGE = YES_ERROR;
				CLANG_WARN_DOCUMENTATION_COMMENTS = YES;
				CLANG_WARN_EMPTY_BODY = YES;
				CLANG_WARN_ENUM_CONVERSION = YES;
				CLANG_WARN_INFINITE_RECURSION = YES;
				CLANG_WARN_INT_CONVERSION = YES;
				CLANG_WARN_NON_LITERAL_NULL_CONVERSION = YES;
				CLANG_WARN_OBJC_IMPLICIT_RETAIN_SELF = YES;
				CLANG_WARN_OBJC_LITERAL_CONVERSION = YES;
				CLANG_WARN_OBJC_ROOT_CLASS = YES_ERROR;
				CLANG_WARN_QUOTED_INCLUDE_IN_FRAMEWORK_HEADER = YES;
				CLANG_WARN_RANGE_LOOP_ANALYSIS = YES;
				CLANG_WARN_STRICT_PROTOTYPES = YES;
				CLANG_WARN_SUSPICIOUS_MOVE = YES;
				CLANG_WARN_UNGUARDED_AVAILABILITY = YES_AGGRESSIVE;
				CLANG_WARN_UNREACHABLE_CODE = YES;
				CLANG_WARN__DUPLICATE_METHOD_MATCH = YES;
				COPY_PHASE_STRIP = NO;
				DEBUG_INFORMATION_FORMAT = dwarf;
				DEVELOPMENT_TEAM = 6WVA56Z6XM;
				ENABLE_STRICT_OBJC_MSGSEND = YES;
				ENABLE_TESTABILITY = YES;
				ENABLE_USER_SCRIPT_SANDBOXING = YES;
				GCC_C_LANGUAGE_STANDARD = gnu17;
				GCC_DYNAMIC_NO_PIC = NO;
				GCC_NO_COMMON_BLOCKS = YES;
				GCC_OPTIMIZATION_LEVEL = 0;
				GCC_PREPROCESSOR_DEFINITIONS = (
					"DEBUG=1",
					"$(inherited)",
				);
				GCC_WARN_64_TO_32_BIT_CONVERSION = YES;
				GCC_WARN_ABOUT_RETURN_TYPE = YES_ERROR;
				GCC_WARN_UNDECLARED_SELECTOR = YES;
				GCC_WARN_UNINITIALIZED_AUTOS = YES_AGGRESSIVE;
				GCC_WARN_UNUSED_FUNCTION = YES;
				GCC_WARN_UNUSED_VARIABLE = YES;
				IPHONEOS_DEPLOYMENT_TARGET = 26.0;
				LOCALIZATION_PREFERS_STRING_CATALOGS = YES;
				MTL_ENABLE_DEBUG_INFO = INCLUDE_SOURCE;
				MTL_FAST_MATH = YES;
				ONLY_ACTIVE_ARCH = YES;
				SDKROOT = iphoneos;
				SWIFT_ACTIVE_COMPILATION_CONDITIONS = "DEBUG $(inherited)";
				SWIFT_OPTIMIZATION_LEVEL = "-Onone";
			};
			name = Debug;
		};
		73D1E08D2F043E5F00B37050 /* Release */ = {
			isa = XCBuildConfiguration;
			buildSettings = {
				ALWAYS_SEARCH_USER_PATHS = NO;
				ASSETCATALOG_COMPILER_GENERATE_SWIFT_ASSET_SYMBOL_EXTENSIONS = YES;
				CLANG_ANALYZER_NONNULL = YES;
				CLANG_ANALYZER_NUMBER_OBJECT_CONVERSION = YES_AGGRESSIVE;
				CLANG_CXX_LANGUAGE_STANDARD = "gnu++20";
				CLANG_ENABLE_MODULES = YES;
				CLANG_ENABLE_OBJC_ARC = YES;
				CLANG_ENABLE_OBJC_WEAK = YES;
				CLANG_WARN_BLOCK_CAPTURE_AUTORELEASING = YES;
				CLANG_WARN_BOOL_CONVERSION = YES;
				CLANG_WARN_COMMA = YES;
				CLANG_WARN_CONSTANT_CONVERSION = YES;
				CLANG_WARN_DEPRECATED_OBJC_IMPLEMENTATIONS = YES;
				CLANG_WARN_DIRECT_OBJC_ISA_USAGE = YES_ERROR;
				CLANG_WARN_DOCUMENTATION_COMMENTS = YES;
				CLANG_WARN_EMPTY_BODY = YES;
				CLANG_WARN_ENUM_CONVERSION = YES;
				CLANG_WARN_INFINITE_RECURSION = YES;
				CLANG_WARN_INT_CONVERSION = YES;
				CLANG_WARN_NON_LITERAL_NULL_CONVERSION = YES;
				CLANG_WARN_OBJC_IMPLICIT_RETAIN_SELF = YES;
				CLANG_WARN_OBJC_LITERAL_CONVERSION = YES;
				CLANG_WARN_OBJC_ROOT_CLASS = YES_ERROR;
				CLANG_WARN_QUOTED_INCLUDE_IN_FRAMEWORK_HEADER = YES;
				CLANG_WARN_RANGE_LOOP_ANALYSIS = YES;
				CLANG_WARN_STRICT_PROTOTYPES = YES;
				CLANG_WARN_SUSPICIOUS_MOVE = YES;
				CLANG_WARN_UNGUARDED_AVAILABILITY = YES_AGGRESSIVE;
				CLANG_WARN_UNREACHABLE_CODE = YES;
				CLANG_WARN__DUPLICATE_METHOD_MATCH = YES;
				COPY_PHASE_STRIP = NO;
				DEBUG_INFORMATION_FORMAT = "dwarf-with-dsym";
				DEVELOPMENT_TEAM = 6WVA56Z6XM;
				ENABLE_NS_ASSERTIONS = NO;
				ENABLE_STRICT_OBJC_MSGSEND = YES;
				ENABLE_USER_SCRIPT_SANDBOXING = YES;
				GCC_C_LANGUAGE_STANDARD = gnu17;
				GCC_NO_COMMON_BLOCKS = YES;
				GCC_WARN_64_TO_32_BIT_CONVERSION = YES;
				GCC_WARN_ABOUT_RETURN_TYPE = YES_ERROR;
				GCC_WARN_UNDECLARED_SELECTOR = YES;
				GCC_WARN_UNINITIALIZED_AUTOS = YES_AGGRESSIVE;
				GCC_WARN_UNUSED_FUNCTION = YES;
				GCC_WARN_UNUSED_VARIABLE = YES;
				IPHONEOS_DEPLOYMENT_TARGET = 26.0;
				LOCALIZATION_PREFERS_STRING_CATALOGS = YES;
				MTL_ENABLE_DEBUG_INFO = NO;
				MTL_FAST_MATH = YES;
				SDKROOT = iphoneos;
				SWIFT_COMPILATION_MODE = wholemodule;
				VALIDATE_PRODUCT = YES;
			};
			name = Release;
		};
		73D1E08F2F043E5F00B37050 /* Debug */ = {
			isa = XCBuildConfiguration;
			buildSettings = {
				BUNDLE_LOADER = "$(TEST_HOST)";
				CODE_SIGN_STYLE = Automatic;
				CURRENT_PROJECT_VERSION = 1;
				DEVELOPMENT_TEAM = 6WVA56Z6XM;
				GENERATE_INFOPLIST_FILE = YES;
				IPHONEOS_DEPLOYMENT_TARGET = 26.0;
				MARKETING_VERSION = 1.0;
				PRODUCT_BUNDLE_IDENTIFIER = com.aagontuk.NewsExplorer.NewsExplorerTests;
				PRODUCT_NAME = "$(TARGET_NAME)";
				STRING_CATALOG_GENERATE_SYMBOLS = NO;
				SWIFT_APPROACHABLE_CONCURRENCY = YES;
				SWIFT_EMIT_LOC_STRINGS = NO;
				SWIFT_UPCOMING_FEATURE_MEMBER_IMPORT_VISIBILITY = YES;
				SWIFT_VERSION = 5.0;
				TARGETED_DEVICE_FAMILY = "1,2";
				TEST_HOST = "$(BUILT_PRODUCTS_DIR)/NewsExplorer.app/$(BUNDLE_EXECUTABLE_FOLDER_PATH)/NewsExplorer";
			};
			name = Debug;
		};
		73D1E0902F043E5F00B37050 /* Release */ = {
			isa = XCBuildConfiguration;
			buildSettings = {
				BUNDLE_LOADER = "$(TEST_HOST)";
				CODE_SIGN_STYLE = Automatic;
				CURRENT_PROJECT_VERSION = 1;
				DEVELOPMENT_TEAM = 6WVA56Z6XM;
				GENERATE_INFOPLIST_FILE = YES;
				IPHONEOS_DEPLOYMENT_TARGET = 26.0;
				MARKETING_VERSION = 1.0;
				PRODUCT_BUNDLE_IDENTIFIER = com.aagontuk.NewsExplorer.NewsExplorerTests;
				PRODUCT_NAME = "$(TARGET_NAME)";
				STRING_CATALOG_GENERATE_SYMBOLS = NO;
				SWIFT_APPROACHABLE_CONCURRENCY = YES;
				SWIFT_EMIT_LOC_STRINGS = NO;
				SWIFT_UPCOMING_FEATURE_MEMBER_IMPORT_VISIBILITY = YES;
				SWIFT_VERSION = 5.0;
				TARGETED_DEVICE_FAMILY = "1,2";
				TEST_HOST = "$(BUILT_PRODUCTS_DIR)/NewsExplorer.app/$(BUNDLE_EXECUTABLE_FOLDER_PATH)/NewsExplorer";
			};
			name = Release;
		};
		73D1E0922F043E5F00B37050 /* Debug */ = {
			isa = XCBuildConfiguration;
			buildSettings = {
				CODE_SIGN_STYLE = Automatic;
				CURRENT_PROJECT_VERSION = 1;
				DEVELOPMENT_TEAM = 6WVA56Z6XM;
				GENERATE_INFOPLIST_FILE = YES;
				MARKETING_VERSION = 1.0;
				PRODUCT_BUNDLE_IDENTIFIER = com.aagontuk.NewsExplorer.NewsExplorerUITests;
				PRODUCT_NAME = "$(TARGET_NAME)";
				STRING_CATALOG_GENERATE_SYMBOLS = NO;
				SWIFT_APPROACHABLE_CONCURRENCY = YES;
				SWIFT_EMIT_LOC_STRINGS = NO;
				SWIFT_UPCOMING_FEATURE_MEMBER_IMPORT_VISIBILITY = YES;
				SWIFT_VERSION = 5.0;
				TARGETED_DEVICE_FAMILY = "1,2";
				TEST_TARGET_NAME = NewsExplorer;
			};
			name = Debug;
		};
		73D1E0932F043E5F00B37050 /* Release */ = {
			isa = XCBuildConfiguration;
			buildSettings = {
				CODE_SIGN_STYLE = Automatic;
				CURRENT_PROJECT_VERSION = 1;
				DEVELOPMENT_TEAM = 6WVA56Z6XM;
				GENERATE_INFOPLIST_FILE = YES;
				MARKETING_VERSION = 1.0;
				PRODUCT_BUNDLE_IDENTIFIER = com.aagontuk.NewsExplorer.NewsExplorerUITests;
				PRODUCT_NAME = "$(TARGET_NAME)";
				STRING_CATALOG_GENERATE_SYMBOLS = NO;
				SWIFT_APPROACHABLE_CONCURRENCY = YES;
				SWIFT_EMIT_LOC_STRINGS = NO;
				SWIFT_UPCOMING_FEATURE_MEMBER_IMPORT_VISIBILITY = YES;
				SWIFT_VERSION = 5.0;
				TARGETED_DEVICE_FAMILY = "1,2";
				TEST_TARGET_NAME = NewsExplorer;
			};
			name = Release;
		};
/* End XCBuildConfiguration section */

/* Begin XCConfigurationList section */
		73D1E05B2F043E5D00B37050 /* Build configuration list for PBXProject "NewsExplorer" */ = {
			isa = XCConfigurationList;
			buildConfigurations = (
				73D1E08C2F043E5F00B37050 /* Debug */,
				73D1E08D2F043E5F00B37050 /* Release */,
			);
			defaultConfigurationIsVisible = 0;
			defaultConfigurationName = Release;
		};
		73D1E0892F043E5F00B37050 /* Build configuration list for PBXNativeTarget "NewsExplorer" */ = {
			isa = XCConfigurationList;
			buildConfigurations = (
				73D1E08A2F043E5F00B37050 /* Debug */,
				73D1E08B2F043E5F00B37050 /* Release */,
			);
			defaultConfigurationIsVisible = 0;
			defaultConfigurationName = Release;
		};
		73D1E08E2F043E5F00B37050 /* Build configuration list for PBXNativeTarget "NewsExplorerTests" */ = {
			isa = XCConfigurationList;
			buildConfigurations = (
				73D1E08F2F043E5F00B37050 /* Debug */,
				73D1E0902F043E5F00B37050 /* Release */,
			);
			defaultConfigurationIsVisible = 0;
			defaultConfigurationName = Release;
		};
		73D1E0912F043E5F00B37050 /* Build configuration list for PBXNativeTarget "NewsExplorerUITests" */ = {
			isa = XCConfigurationList;
			buildConfigurations = (
				73D1E0922F043E5F00B37050 /* Debug */,
				73D1E0932F043E5F00B37050 /* Release */,
			);
			defaultConfigurationIsVisible = 0;
			defaultConfigurationName = Release;
		};
/* End XCConfigurationList section */

/* Begin XCRemoteSwiftPackageReference section */
		738BB9CC2F04E8F800A59A36 /* XCRemoteSwiftPackageReference "RxSwift" */ = {
			isa = XCRemoteSwiftPackageReference;
			repositoryURL = "https://github.com/ReactiveX/RxSwift.git";
			requirement = {
				kind = upToNextMajorVersion;
				minimumVersion = 6.9.1;
			};
		};
/* End XCRemoteSwiftPackageReference section */

/* Begin XCSwiftPackageProductDependency section */
		738BBA142F04EE0200A59A36 /* RxSwift */ = {
			isa = XCSwiftPackageProductDependency;
			package = 738BB9CC2F04E8F800A59A36 /* XCRemoteSwiftPackageReference "RxSwift" */;
			productName = RxSwift;
		};
		738BBA162F04EE0700A59A36 /* RxCocoa */ = {
			isa = XCSwiftPackageProductDependency;
			package = 738BB9CC2F04E8F800A59A36 /* XCRemoteSwiftPackageReference "RxSwift" */;
			productName = RxCocoa;
		};
/* End XCSwiftPackageProductDependency section */
	};
	rootObject = 73D1E0582F043E5D00B37050 /* Project object */;
}
